
Microsoft Visual Studio Solution File, Format Version 12.00
# Visual Studio Version 17
VisualStudioVersion = 17.8.34330.188
MinimumVisualStudioVersion = 10.0.40219.1
Project("{FAE04EC0-301F-11D3-BF4B-00C04F79EFBC}") = "AppCloud", "AppCloud\AppCloud.csproj", "{8780FF9D-E207-48F8-8784-419879686773}"
EndProject
Global
	GlobalSection(SolutionConfigurationPlatforms) = preSolution
		Debug|Any CPU = Debug|Any CPU
		Release|Any CPU = Release|Any CPU
	EndGlobalSection
	GlobalSection(ProjectConfigurationPlatforms) = postSolution
		{8780FF9D-E207-48F8-8784-419879686773}.Debug|Any CPU.ActiveCfg = Debug|Any CPU
		{8780FF9D-E207-48F8-8784-419879686773}.Debug|Any CPU.Build.0 = Debug|Any CPU
		{8780FF9D-E207-48F8-8784-419879686773}.Release|Any CPU.ActiveCfg = Release|Any CPU
		{8780FF9D-E207-48F8-8784-419879686773}.Release|Any CPU.Build.0 = Release|Any CPU
	EndGlobalSection
	GlobalSection(SolutionProperties) = preSolution
		HideSolutionNode = FALSE
	EndGlobalSection
	GlobalSection(ExtensibilityGlobals) = postSolution
		SolutionGuid = {9A793C0E-2436-4F1C-9846-DCB6D937A87C}
	EndGlobalSection
EndGlobal
